
Microsoft Visual Studio Solution File, Format Version 12.00
# Visual Studio 14
VisualStudioVersion = 14.0.25420.1
MinimumVisualStudioVersion = 10.0.40219.1
Project("{FAE04EC0-301F-11D3-BF4B-00C04F79EFBC}") = "GitHub", "GitHub\GitHub\GitHub.csproj", "{0FEE2C22-EB41-47E8-8923-F685E54F0FF0}"
EndProject
Project("{FAE04EC0-301F-11D3-BF4B-00C04F79EFBC}") = "GitHub.Droid", "GitHub\GitHub.Droid\GitHub.Droid.csproj", "{5FA40A23-7B50-486C-8B38-F1E116B730BB}"
EndProject
Project("{FAE04EC0-301F-11D3-BF4B-00C04F79EFBC}") = "GitHub.iOS", "GitHub\GitHub.iOS\GitHub.iOS.csproj", "{3267E777-9140-438B-A474-E84EFBE86614}"
EndProject
Project("{FAE04EC0-301F-11D3-BF4B-00C04F79EFBC}") = "GitHub.WinPhone", "GitHub\GitHub.WinPhone\GitHub.WinPhone.csproj", "{B1A36094-BB82-42C8-A732-1FB1D44C6FBA}"
EndProject
Project("{FAE04EC0-301F-11D3-BF4B-00C04F79EFBC}") = "GitHub.UWP", "GitHub\GitHub.UWP\GitHub.UWP.csproj", "{6AFE6AD9-4420-45CF-84D2-8BEDCD50D166}"
EndProject
Project("{FAE04EC0-301F-11D3-BF4B-00C04F79EFBC}") = "GitHub.Windows", "GitHub\GitHub.Windows\GitHub.Windows.csproj", "{B079D418-AE62-4056-ACD6-D42A7D482BA2}"
EndProject
Global
	GlobalSection(SolutionConfigurationPlatforms) = preSolution
		Ad-Hoc|Any CPU = Ad-Hoc|Any CPU
		Ad-Hoc|ARM = Ad-Hoc|ARM
		Ad-Hoc|iPhone = Ad-Hoc|iPhone
		Ad-Hoc|iPhoneSimulator = Ad-Hoc|iPhoneSimulator
		Ad-Hoc|x64 = Ad-Hoc|x64
		Ad-Hoc|x86 = Ad-Hoc|x86
		AppStore|Any CPU = AppStore|Any CPU
		AppStore|ARM = AppStore|ARM
		AppStore|iPhone = AppStore|iPhone
		AppStore|iPhoneSimulator = AppStore|iPhoneSimulator
		AppStore|x64 = AppStore|x64
		AppStore|x86 = AppStore|x86
		Debug|Any CPU = Debug|Any CPU
		Debug|ARM = Debug|ARM
		Debug|iPhone = Debug|iPhone
		Debug|iPhoneSimulator = Debug|iPhoneSimulator
		Debug|x64 = Debug|x64
		Debug|x86 = Debug|x86
		Release|Any CPU = Release|Any CPU
		Release|ARM = Release|ARM
		Release|iPhone = Release|iPhone
		Release|iPhoneSimulator = Release|iPhoneSimulator
		Release|x64 = Release|x64
		Release|x86 = Release|x86
	EndGlobalSection
	GlobalSection(ProjectConfigurationPlatforms) = postSolution
		{0FEE2C22-EB41-47E8-8923-F685E54F0FF0}.Ad-Hoc|Any CPU.ActiveCfg = Release|Any CPU
		{0FEE2C22-EB41-47E8-8923-F685E54F0FF0}.Ad-Hoc|Any CPU.Build.0 = Release|Any CPU
		{0FEE2C22-EB41-47E8-8923-F685E54F0FF0}.Ad-Hoc|ARM.ActiveCfg = Release|Any CPU
		{0FEE2C22-EB41-47E8-8923-F685E54F0FF0}.Ad-Hoc|ARM.Build.0 = Release|Any CPU
		{0FEE2C22-EB41-47E8-8923-F685E54F0FF0}.Ad-Hoc|iPhone.ActiveCfg = Release|Any CPU
		{0FEE2C22-EB41-47E8-8923-F685E54F0FF0}.Ad-Hoc|iPhone.Build.0 = Release|Any CPU
		{0FEE2C22-EB41-47E8-8923-F685E54F0FF0}.Ad-Hoc|iPhoneSimulator.ActiveCfg = Release|Any CPU
		{0FEE2C22-EB41-47E8-8923-F685E54F0FF0}.Ad-Hoc|iPhoneSimulator.Build.0 = Release|Any CPU
		{0FEE2C22-EB41-47E8-8923-F685E54F0FF0}.Ad-Hoc|x64.ActiveCfg = Release|Any CPU
		{0FEE2C22-EB41-47E8-8923-F685E54F0FF0}.Ad-Hoc|x64.Build.0 = Release|Any CPU
		{0FEE2C22-EB41-47E8-8923-F685E54F0FF0}.Ad-Hoc|x86.ActiveCfg = Release|Any CPU
		{0FEE2C22-EB41-47E8-8923-F685E54F0FF0}.Ad-Hoc|x86.Build.0 = Release|Any CPU
		{0FEE2C22-EB41-47E8-8923-F685E54F0FF0}.AppStore|Any CPU.ActiveCfg = Release|Any CPU
		{0FEE2C22-EB41-47E8-8923-F685E54F0FF0}.AppStore|Any CPU.Build.0 = Release|Any CPU
		{0FEE2C22-EB41-47E8-8923-F685E54F0FF0}.AppStore|ARM.ActiveCfg = Release|Any CPU
		{0FEE2C22-EB41-47E8-8923-F685E54F0FF0}.AppStore|ARM.Build.0 = Release|Any CPU
		{0FEE2C22-EB41-47E8-8923-F685E54F0FF0}.AppStore|iPhone.ActiveCfg = Release|Any CPU
		{0FEE2C22-EB41-47E8-8923-F685E54F0FF0}.AppStore|iPhone.Build.0 = Release|Any CPU
		{0FEE2C22-EB41-47E8-8923-F685E54F0FF0}.AppStore|iPhoneSimulator.ActiveCfg = Release|Any CPU
		{0FEE2C22-EB41-47E8-8923-F685E54F0FF0}.AppStore|iPhoneSimulator.Build.0 = Release|Any CPU
		{0FEE2C22-EB41-47E8-8923-F685E54F0FF0}.AppStore|x64.ActiveCfg = Release|Any CPU
		{0FEE2C22-EB41-47E8-8923-F685E54F0FF0}.AppStore|x64.Build.0 = Release|Any CPU
		{0FEE2C22-EB41-47E8-8923-F685E54F0FF0}.AppStore|x86.ActiveCfg = Release|Any CPU
		{0FEE2C22-EB41-47E8-8923-F685E54F0FF0}.AppStore|x86.Build.0 = Release|Any CPU
		{0FEE2C22-EB41-47E8-8923-F685E54F0FF0}.Debug|Any CPU.ActiveCfg = Debug|Any CPU
		{0FEE2C22-EB41-47E8-8923-F685E54F0FF0}.Debug|Any CPU.Build.0 = Debug|Any CPU
		{0FEE2C22-EB41-47E8-8923-F685E54F0FF0}.Debug|ARM.ActiveCfg = Debug|Any CPU
		{0FEE2C22-EB41-47E8-8923-F685E54F0FF0}.Debug|ARM.Build.0 = Debug|Any CPU
		{0FEE2C22-EB41-47E8-8923-F685E54F0FF0}.Debug|iPhone.ActiveCfg = Debug|Any CPU
		{0FEE2C22-EB41-47E8-8923-F685E54F0FF0}.Debug|iPhone.Build.0 = Debug|Any CPU
		{0FEE2C22-EB41-47E8-8923-F685E54F0FF0}.Debug|iPhoneSimulator.ActiveCfg = Debug|Any CPU
		{0FEE2C22-EB41-47E8-8923-F685E54F0FF0}.Debug|iPhoneSimulator.Build.0 = Debug|Any CPU
		{0FEE2C22-EB41-47E8-8923-F685E54F0FF0}.Debug|x64.ActiveCfg = Debug|Any CPU
		{0FEE2C22-EB41-47E8-8923-F685E54F0FF0}.Debug|x64.Build.0 = Debug|Any CPU
		{0FEE2C22-EB41-47E8-8923-F685E54F0FF0}.Debug|x86.ActiveCfg = Debug|Any CPU
		{0FEE2C22-EB41-47E8-8923-F685E54F0FF0}.Debug|x86.Build.0 = Debug|Any CPU
		{0FEE2C22-EB41-47E8-8923-F685E54F0FF0}.Release|Any CPU.ActiveCfg = Release|Any CPU
		{0FEE2C22-EB41-47E8-8923-F685E54F0FF0}.Release|Any CPU.Build.0 = Release|Any CPU
		{0FEE2C22-EB41-47E8-8923-F685E54F0FF0}.Release|ARM.ActiveCfg = Release|Any CPU
		{0FEE2C22-EB41-47E8-8923-F685E54F0FF0}.Release|ARM.Build.0 = Release|Any CPU
		{0FEE2C22-EB41-47E8-8923-F685E54F0FF0}.Release|iPhone.ActiveCfg = Release|Any CPU
		{0FEE2C22-EB41-47E8-8923-F685E54F0FF0}.Release|iPhone.Build.0 = Release|Any CPU
		{0FEE2C22-EB41-47E8-8923-F685E54F0FF0}.Release|iPhoneSimulator.ActiveCfg = Release|Any CPU
		{0FEE2C22-EB41-47E8-8923-F685E54F0FF0}.Release|iPhoneSimulator.Build.0 = Release|Any CPU
		{0FEE2C22-EB41-47E8-8923-F685E54F0FF0}.Release|x64.ActiveCfg = Release|Any CPU
		{0FEE2C22-EB41-47E8-8923-F685E54F0FF0}.Release|x64.Build.0 = Release|Any CPU
		{0FEE2C22-EB41-47E8-8923-F685E54F0FF0}.Release|x86.ActiveCfg = Release|Any CPU
		{0FEE2C22-EB41-47E8-8923-F685E54F0FF0}.Release|x86.Build.0 = Release|Any CPU
		{5FA40A23-7B50-486C-8B38-F1E116B730BB}.Ad-Hoc|Any CPU.ActiveCfg = Release|Any CPU
		{5FA40A23-7B50-486C-8B38-F1E116B730BB}.Ad-Hoc|Any CPU.Build.0 = Release|Any CPU
		{5FA40A23-7B50-486C-8B38-F1E116B730BB}.Ad-Hoc|Any CPU.Deploy.0 = Release|Any CPU
		{5FA40A23-7B50-486C-8B38-F1E116B730BB}.Ad-Hoc|ARM.ActiveCfg = Release|Any CPU
		{5FA40A23-7B50-486C-8B38-F1E116B730BB}.Ad-Hoc|ARM.Build.0 = Release|Any CPU
		{5FA40A23-7B50-486C-8B38-F1E116B730BB}.Ad-Hoc|ARM.Deploy.0 = Release|Any CPU
		{5FA40A23-7B50-486C-8B38-F1E116B730BB}.Ad-Hoc|iPhone.ActiveCfg = Release|Any CPU
		{5FA40A23-7B50-486C-8B38-F1E116B730BB}.Ad-Hoc|iPhone.Build.0 = Release|Any CPU
		{5FA40A23-7B50-486C-8B38-F1E116B730BB}.Ad-Hoc|iPhone.Deploy.0 = Release|Any CPU
		{5FA40A23-7B50-486C-8B38-F1E116B730BB}.Ad-Hoc|iPhoneSimulator.ActiveCfg = Release|Any CPU
		{5FA40A23-7B50-486C-8B38-F1E116B730BB}.Ad-Hoc|iPhoneSimulator.Build.0 = Release|Any CPU
		{5FA40A23-7B50-486C-8B38-F1E116B730BB}.Ad-Hoc|iPhoneSimulator.Deploy.0 = Release|Any CPU
		{5FA40A23-7B50-486C-8B38-F1E116B730BB}.Ad-Hoc|x64.ActiveCfg = Release|Any CPU
		{5FA40A23-7B50-486C-8B38-F1E116B730BB}.Ad-Hoc|x64.Build.0 = Release|Any CPU
		{5FA40A23-7B50-486C-8B38-F1E116B730BB}.Ad-Hoc|x64.Deploy.0 = Release|Any CPU
		{5FA40A23-7B50-486C-8B38-F1E116B730BB}.Ad-Hoc|x86.ActiveCfg = Release|Any CPU
		{5FA40A23-7B50-486C-8B38-F1E116B730BB}.Ad-Hoc|x86.Build.0 = Release|Any CPU
		{5FA40A23-7B50-486C-8B38-F1E116B730BB}.Ad-Hoc|x86.Deploy.0 = Release|Any CPU
		{5FA40A23-7B50-486C-8B38-F1E116B730BB}.AppStore|Any CPU.ActiveCfg = Release|Any CPU
		{5FA40A23-7B50-486C-8B38-F1E116B730BB}.AppStore|Any CPU.Build.0 = Release|Any CPU
		{5FA40A23-7B50-486C-8B38-F1E116B730BB}.AppStore|Any CPU.Deploy.0 = Release|Any CPU
		{5FA40A23-7B50-486C-8B38-F1E116B730BB}.AppStore|ARM.ActiveCfg = Release|Any CPU
		{5FA40A23-7B50-486C-8B38-F1E116B730BB}.AppStore|ARM.Build.0 = Release|Any CPU
		{5FA40A23-7B50-486C-8B38-F1E116B730BB}.AppStore|ARM.Deploy.0 = Release|Any CPU
		{5FA40A23-7B50-486C-8B38-F1E116B730BB}.AppStore|iPhone.ActiveCfg = Release|Any CPU
		{5FA40A23-7B50-486C-8B38-F1E116B730BB}.AppStore|iPhone.Build.0 = Release|Any CPU
		{5FA40A23-7B50-486C-8B38-F1E116B730BB}.AppStore|iPhone.Deploy.0 = Release|Any CPU
		{5FA40A23-7B50-486C-8B38-F1E116B730BB}.AppStore|iPhoneSimulator.ActiveCfg = Release|Any CPU
		{5FA40A23-7B50-486C-8B38-F1E116B730BB}.AppStore|iPhoneSimulator.Build.0 = Release|Any CPU
		{5FA40A23-7B50-486C-8B38-F1E116B730BB}.AppStore|iPhoneSimulator.Deploy.0 = Release|Any CPU
		{5FA40A23-7B50-486C-8B38-F1E116B730BB}.AppStore|x64.ActiveCfg = Release|Any CPU
		{5FA40A23-7B50-486C-8B38-F1E116B730BB}.AppStore|x64.Build.0 = Release|Any CPU
		{5FA40A23-7B50-486C-8B38-F1E116B730BB}.AppStore|x64.Deploy.0 = Release|Any CPU
		{5FA40A23-7B50-486C-8B38-F1E116B730BB}.AppStore|x86.ActiveCfg = Release|Any CPU
		{5FA40A23-7B50-486C-8B38-F1E116B730BB}.AppStore|x86.Build.0 = Release|Any CPU
		{5FA40A23-7B50-486C-8B38-F1E116B730BB}.AppStore|x86.Deploy.0 = Release|Any CPU
		{5FA40A23-7B50-486C-8B38-F1E116B730BB}.Debug|Any CPU.ActiveCfg = Debug|Any CPU
		{5FA40A23-7B50-486C-8B38-F1E116B730BB}.Debug|Any CPU.Build.0 = Debug|Any CPU
		{5FA40A23-7B50-486C-8B38-F1E116B730BB}.Debug|Any CPU.Deploy.0 = Debug|Any CPU
		{5FA40A23-7B50-486C-8B38-F1E116B730BB}.Debug|ARM.ActiveCfg = Debug|Any CPU
		{5FA40A23-7B50-486C-8B38-F1E116B730BB}.Debug|ARM.Build.0 = Debug|Any CPU
		{5FA40A23-7B50-486C-8B38-F1E116B730BB}.Debug|ARM.Deploy.0 = Debug|Any CPU
		{5FA40A23-7B50-486C-8B38-F1E116B730BB}.Debug|iPhone.ActiveCfg = Debug|Any CPU
		{5FA40A23-7B50-486C-8B38-F1E116B730BB}.Debug|iPhone.Build.0 = Debug|Any CPU
		{5FA40A23-7B50-486C-8B38-F1E116B730BB}.Debug|iPhone.Deploy.0 = Debug|Any CPU
		{5FA40A23-7B50-486C-8B38-F1E116B730BB}.Debug|iPhoneSimulator.ActiveCfg = Debug|Any CPU
		{5FA40A23-7B50-486C-8B38-F1E116B730BB}.Debug|iPhoneSimulator.Build.0 = Debug|Any CPU
		{5FA40A23-7B50-486C-8B38-F1E116B730BB}.Debug|iPhoneSimulator.Deploy.0 = Debug|Any CPU
		{5FA40A23-7B50-486C-8B38-F1E116B730BB}.Debug|x64.ActiveCfg = Debug|Any CPU
		{5FA40A23-7B50-486C-8B38-F1E116B730BB}.Debug|x64.Build.0 = Debug|Any CPU
		{5FA40A23-7B50-486C-8B38-F1E116B730BB}.Debug|x64.Deploy.0 = Debug|Any CPU
		{5FA40A23-7B50-486C-8B38-F1E116B730BB}.Debug|x86.ActiveCfg = Debug|Any CPU
		{5FA40A23-7B50-486C-8B38-F1E116B730BB}.Debug|x86.Build.0 = Debug|Any CPU
		{5FA40A23-7B50-486C-8B38-F1E116B730BB}.Debug|x86.Deploy.0 = Debug|Any CPU
		{5FA40A23-7B50-486C-8B38-F1E116B730BB}.Release|Any CPU.ActiveCfg = Release|Any CPU
		{5FA40A23-7B50-486C-8B38-F1E116B730BB}.Release|Any CPU.Build.0 = Release|Any CPU
		{5FA40A23-7B50-486C-8B38-F1E116B730BB}.Release|Any CPU.Deploy.0 = Release|Any CPU
		{5FA40A23-7B50-486C-8B38-F1E116B730BB}.Release|ARM.ActiveCfg = Release|Any CPU
		{5FA40A23-7B50-486C-8B38-F1E116B730BB}.Release|ARM.Build.0 = Release|Any CPU
		{5FA40A23-7B50-486C-8B38-F1E116B730BB}.Release|ARM.Deploy.0 = Release|Any CPU
		{5FA40A23-7B50-486C-8B38-F1E116B730BB}.Release|iPhone.ActiveCfg = Release|Any CPU
		{5FA40A23-7B50-486C-8B38-F1E116B730BB}.Release|iPhone.Build.0 = Release|Any CPU
		{5FA40A23-7B50-486C-8B38-F1E116B730BB}.Release|iPhone.Deploy.0 = Release|Any CPU
		{5FA40A23-7B50-486C-8B38-F1E116B730BB}.Release|iPhoneSimulator.ActiveCfg = Release|Any CPU
		{5FA40A23-7B50-486C-8B38-F1E116B730BB}.Release|iPhoneSimulator.Build.0 = Release|Any CPU
		{5FA40A23-7B50-486C-8B38-F1E116B730BB}.Release|iPhoneSimulator.Deploy.0 = Release|Any CPU
		{5FA40A23-7B50-486C-8B38-F1E116B730BB}.Release|x64.ActiveCfg = Release|Any CPU
		{5FA40A23-7B50-486C-8B38-F1E116B730BB}.Release|x64.Build.0 = Release|Any CPU
		{5FA40A23-7B50-486C-8B38-F1E116B730BB}.Release|x64.Deploy.0 = Release|Any CPU
		{5FA40A23-7B50-486C-8B38-F1E116B730BB}.Release|x86.ActiveCfg = Release|Any CPU
		{5FA40A23-7B50-486C-8B38-F1E116B730BB}.Release|x86.Build.0 = Release|Any CPU
		{5FA40A23-7B50-486C-8B38-F1E116B730BB}.Release|x86.Deploy.0 = Release|Any CPU
		{3267E777-9140-438B-A474-E84EFBE86614}.Ad-Hoc|Any CPU.ActiveCfg = Ad-Hoc|iPhone
		{3267E777-9140-438B-A474-E84EFBE86614}.Ad-Hoc|ARM.ActiveCfg = Ad-Hoc|iPhone
		{3267E777-9140-438B-A474-E84EFBE86614}.Ad-Hoc|iPhone.ActiveCfg = Ad-Hoc|iPhone
		{3267E777-9140-438B-A474-E84EFBE86614}.Ad-Hoc|iPhone.Build.0 = Ad-Hoc|iPhone
		{3267E777-9140-438B-A474-E84EFBE86614}.Ad-Hoc|iPhoneSimulator.ActiveCfg = Ad-Hoc|iPhoneSimulator
		{3267E777-9140-438B-A474-E84EFBE86614}.Ad-Hoc|iPhoneSimulator.Build.0 = Ad-Hoc|iPhoneSimulator
		{3267E777-9140-438B-A474-E84EFBE86614}.Ad-Hoc|x64.ActiveCfg = Ad-Hoc|iPhone
		{3267E777-9140-438B-A474-E84EFBE86614}.Ad-Hoc|x86.ActiveCfg = Ad-Hoc|iPhone
		{3267E777-9140-438B-A474-E84EFBE86614}.AppStore|Any CPU.ActiveCfg = AppStore|iPhone
		{3267E777-9140-438B-A474-E84EFBE86614}.AppStore|ARM.ActiveCfg = AppStore|iPhone
		{3267E777-9140-438B-A474-E84EFBE86614}.AppStore|iPhone.ActiveCfg = AppStore|iPhone
		{3267E777-9140-438B-A474-E84EFBE86614}.AppStore|iPhone.Build.0 = AppStore|iPhone
		{3267E777-9140-438B-A474-E84EFBE86614}.AppStore|iPhoneSimulator.ActiveCfg = AppStore|iPhoneSimulator
		{3267E777-9140-438B-A474-E84EFBE86614}.AppStore|iPhoneSimulator.Build.0 = AppStore|iPhoneSimulator
		{3267E777-9140-438B-A474-E84EFBE86614}.AppStore|x64.ActiveCfg = AppStore|iPhone
		{3267E777-9140-438B-A474-E84EFBE86614}.AppStore|x86.ActiveCfg = AppStore|iPhone
		{3267E777-9140-438B-A474-E84EFBE86614}.Debug|Any CPU.ActiveCfg = Debug|iPhone
		{3267E777-9140-438B-A474-E84EFBE86614}.Debug|ARM.ActiveCfg = Debug|iPhone
		{3267E777-9140-438B-A474-E84EFBE86614}.Debug|iPhone.ActiveCfg = Debug|iPhone
		{3267E777-9140-438B-A474-E84EFBE86614}.Debug|iPhone.Build.0 = Debug|iPhone
		{3267E777-9140-438B-A474-E84EFBE86614}.Debug|iPhoneSimulator.ActiveCfg = Debug|iPhoneSimulator
		{3267E777-9140-438B-A474-E84EFBE86614}.Debug|iPhoneSimulator.Build.0 = Debug|iPhoneSimulator
		{3267E777-9140-438B-A474-E84EFBE86614}.Debug|x64.ActiveCfg = Debug|iPhone
		{3267E777-9140-438B-A474-E84EFBE86614}.Debug|x86.ActiveCfg = Debug|iPhone
		{3267E777-9140-438B-A474-E84EFBE86614}.Release|Any CPU.ActiveCfg = Release|iPhone
		{3267E777-9140-438B-A474-E84EFBE86614}.Release|ARM.ActiveCfg = Release|iPhone
		{3267E777-9140-438B-A474-E84EFBE86614}.Release|iPhone.ActiveCfg = Release|iPhone
		{3267E777-9140-438B-A474-E84EFBE86614}.Release|iPhone.Build.0 = Release|iPhone
		{3267E777-9140-438B-A474-E84EFBE86614}.Release|iPhoneSimulator.ActiveCfg = Release|iPhoneSimulator
		{3267E777-9140-438B-A474-E84EFBE86614}.Release|iPhoneSimulator.Build.0 = Release|iPhoneSimulator
		{3267E777-9140-438B-A474-E84EFBE86614}.Release|x64.ActiveCfg = Release|iPhone
		{3267E777-9140-438B-A474-E84EFBE86614}.Release|x86.ActiveCfg = Release|iPhone
		{B1A36094-BB82-42C8-A732-1FB1D44C6FBA}.Ad-Hoc|Any CPU.ActiveCfg = Release|Any CPU
		{B1A36094-BB82-42C8-A732-1FB1D44C6FBA}.Ad-Hoc|Any CPU.Build.0 = Release|Any CPU
		{B1A36094-BB82-42C8-A732-1FB1D44C6FBA}.Ad-Hoc|Any CPU.Deploy.0 = Release|Any CPU
		{B1A36094-BB82-42C8-A732-1FB1D44C6FBA}.Ad-Hoc|ARM.ActiveCfg = Release|ARM
		{B1A36094-BB82-42C8-A732-1FB1D44C6FBA}.Ad-Hoc|ARM.Build.0 = Release|ARM
		{B1A36094-BB82-42C8-A732-1FB1D44C6FBA}.Ad-Hoc|ARM.Deploy.0 = Release|ARM
		{B1A36094-BB82-42C8-A732-1FB1D44C6FBA}.Ad-Hoc|iPhone.ActiveCfg = Release|Any CPU
		{B1A36094-BB82-42C8-A732-1FB1D44C6FBA}.Ad-Hoc|iPhone.Build.0 = Release|Any CPU
		{B1A36094-BB82-42C8-A732-1FB1D44C6FBA}.Ad-Hoc|iPhone.Deploy.0 = Release|Any CPU
		{B1A36094-BB82-42C8-A732-1FB1D44C6FBA}.Ad-Hoc|iPhoneSimulator.ActiveCfg = Release|Any CPU
		{B1A36094-BB82-42C8-A732-1FB1D44C6FBA}.Ad-Hoc|iPhoneSimulator.Build.0 = Release|Any CPU
		{B1A36094-BB82-42C8-A732-1FB1D44C6FBA}.Ad-Hoc|iPhoneSimulator.Deploy.0 = Release|Any CPU
		{B1A36094-BB82-42C8-A732-1FB1D44C6FBA}.Ad-Hoc|x64.ActiveCfg = Release|Any CPU
		{B1A36094-BB82-42C8-A732-1FB1D44C6FBA}.Ad-Hoc|x64.Build.0 = Release|Any CPU
		{B1A36094-BB82-42C8-A732-1FB1D44C6FBA}.Ad-Hoc|x64.Deploy.0 = Release|Any CPU
		{B1A36094-BB82-42C8-A732-1FB1D44C6FBA}.Ad-Hoc|x86.ActiveCfg = Release|x86
		{B1A36094-BB82-42C8-A732-1FB1D44C6FBA}.Ad-Hoc|x86.Build.0 = Release|x86
		{B1A36094-BB82-42C8-A732-1FB1D44C6FBA}.Ad-Hoc|x86.Deploy.0 = Release|x86
		{B1A36094-BB82-42C8-A732-1FB1D44C6FBA}.AppStore|Any CPU.ActiveCfg = Release|Any CPU
		{B1A36094-BB82-42C8-A732-1FB1D44C6FBA}.AppStore|Any CPU.Build.0 = Release|Any CPU
		{B1A36094-BB82-42C8-A732-1FB1D44C6FBA}.AppStore|Any CPU.Deploy.0 = Release|Any CPU
		{B1A36094-BB82-42C8-A732-1FB1D44C6FBA}.AppStore|ARM.ActiveCfg = Release|ARM
		{B1A36094-BB82-42C8-A732-1FB1D44C6FBA}.AppStore|ARM.Build.0 = Release|ARM
		{B1A36094-BB82-42C8-A732-1FB1D44C6FBA}.AppStore|ARM.Deploy.0 = Release|ARM
		{B1A36094-BB82-42C8-A732-1FB1D44C6FBA}.AppStore|iPhone.ActiveCfg = Release|Any CPU
		{B1A36094-BB82-42C8-A732-1FB1D44C6FBA}.AppStore|iPhone.Build.0 = Release|Any CPU
		{B1A36094-BB82-42C8-A732-1FB1D44C6FBA}.AppStore|iPhone.Deploy.0 = Release|Any CPU
		{B1A36094-BB82-42C8-A732-1FB1D44C6FBA}.AppStore|iPhoneSimulator.ActiveCfg = Release|Any CPU
		{B1A36094-BB82-42C8-A732-1FB1D44C6FBA}.AppStore|iPhoneSimulator.Build.0 = Release|Any CPU
		{B1A36094-BB82-42C8-A732-1FB1D44C6FBA}.AppStore|iPhoneSimulator.Deploy.0 = Release|Any CPU
		{B1A36094-BB82-42C8-A732-1FB1D44C6FBA}.AppStore|x64.ActiveCfg = Release|Any CPU
		{B1A36094-BB82-42C8-A732-1FB1D44C6FBA}.AppStore|x64.Build.0 = Release|Any CPU
		{B1A36094-BB82-42C8-A732-1FB1D44C6FBA}.AppStore|x64.Deploy.0 = Release|Any CPU
		{B1A36094-BB82-42C8-A732-1FB1D44C6FBA}.AppStore|x86.ActiveCfg = Release|x86
		{B1A36094-BB82-42C8-A732-1FB1D44C6FBA}.AppStore|x86.Build.0 = Release|x86
		{B1A36094-BB82-42C8-A732-1FB1D44C6FBA}.AppStore|x86.Deploy.0 = Release|x86
		{B1A36094-BB82-42C8-A732-1FB1D44C6FBA}.Debug|Any CPU.ActiveCfg = Debug|Any CPU
		{B1A36094-BB82-42C8-A732-1FB1D44C6FBA}.Debug|Any CPU.Build.0 = Debug|Any CPU
		{B1A36094-BB82-42C8-A732-1FB1D44C6FBA}.Debug|Any CPU.Deploy.0 = Debug|Any CPU
		{B1A36094-BB82-42C8-A732-1FB1D44C6FBA}.Debug|ARM.ActiveCfg = Debug|ARM
		{B1A36094-BB82-42C8-A732-1FB1D44C6FBA}.Debug|ARM.Build.0 = Debug|ARM
		{B1A36094-BB82-42C8-A732-1FB1D44C6FBA}.Debug|ARM.Deploy.0 = Debug|ARM
		{B1A36094-BB82-42C8-A732-1FB1D44C6FBA}.Debug|iPhone.ActiveCfg = Debug|Any CPU
		{B1A36094-BB82-42C8-A732-1FB1D44C6FBA}.Debug|iPhone.Build.0 = Debug|Any CPU
		{B1A36094-BB82-42C8-A732-1FB1D44C6FBA}.Debug|iPhone.Deploy.0 = Debug|Any CPU
		{B1A36094-BB82-42C8-A732-1FB1D44C6FBA}.Debug|iPhoneSimulator.ActiveCfg = Debug|Any CPU
		{B1A36094-BB82-42C8-A732-1FB1D44C6FBA}.Debug|iPhoneSimulator.Build.0 = Debug|Any CPU
		{B1A36094-BB82-42C8-A732-1FB1D44C6FBA}.Debug|iPhoneSimulator.Deploy.0 = Debug|Any CPU
		{B1A36094-BB82-42C8-A732-1FB1D44C6FBA}.Debug|x64.ActiveCfg = Debug|Any CPU
		{B1A36094-BB82-42C8-A732-1FB1D44C6FBA}.Debug|x64.Build.0 = Debug|Any CPU
		{B1A36094-BB82-42C8-A732-1FB1D44C6FBA}.Debug|x64.Deploy.0 = Debug|Any CPU
		{B1A36094-BB82-42C8-A732-1FB1D44C6FBA}.Debug|x86.ActiveCfg = Debug|x86
		{B1A36094-BB82-42C8-A732-1FB1D44C6FBA}.Debug|x86.Build.0 = Debug|x86
		{B1A36094-BB82-42C8-A732-1FB1D44C6FBA}.Debug|x86.Deploy.0 = Debug|x86
		{B1A36094-BB82-42C8-A732-1FB1D44C6FBA}.Release|Any CPU.ActiveCfg = Release|Any CPU
		{B1A36094-BB82-42C8-A732-1FB1D44C6FBA}.Release|Any CPU.Build.0 = Release|Any CPU
		{B1A36094-BB82-42C8-A732-1FB1D44C6FBA}.Release|Any CPU.Deploy.0 = Release|Any CPU
		{B1A36094-BB82-42C8-A732-1FB1D44C6FBA}.Release|ARM.ActiveCfg = Release|ARM
		{B1A36094-BB82-42C8-A732-1FB1D44C6FBA}.Release|ARM.Build.0 = Release|ARM
		{B1A36094-BB82-42C8-A732-1FB1D44C6FBA}.Release|ARM.Deploy.0 = Release|ARM
		{B1A36094-BB82-42C8-A732-1FB1D44C6FBA}.Release|iPhone.ActiveCfg = Release|Any CPU
		{B1A36094-BB82-42C8-A732-1FB1D44C6FBA}.Release|iPhone.Build.0 = Release|Any CPU
		{B1A36094-BB82-42C8-A732-1FB1D44C6FBA}.Release|iPhone.Deploy.0 = Release|Any CPU
		{B1A36094-BB82-42C8-A732-1FB1D44C6FBA}.Release|iPhoneSimulator.ActiveCfg = Release|Any CPU
		{B1A36094-BB82-42C8-A732-1FB1D44C6FBA}.Release|iPhoneSimulator.Build.0 = Release|Any CPU
		{B1A36094-BB82-42C8-A732-1FB1D44C6FBA}.Release|iPhoneSimulator.Deploy.0 = Release|Any CPU
		{B1A36094-BB82-42C8-A732-1FB1D44C6FBA}.Release|x64.ActiveCfg = Release|Any CPU
		{B1A36094-BB82-42C8-A732-1FB1D44C6FBA}.Release|x64.Build.0 = Release|Any CPU
		{B1A36094-BB82-42C8-A732-1FB1D44C6FBA}.Release|x64.Deploy.0 = Release|Any CPU
		{B1A36094-BB82-42C8-A732-1FB1D44C6FBA}.Release|x86.ActiveCfg = Release|x86
		{B1A36094-BB82-42C8-A732-1FB1D44C6FBA}.Release|x86.Build.0 = Release|x86
		{B1A36094-BB82-42C8-A732-1FB1D44C6FBA}.Release|x86.Deploy.0 = Release|x86
		{6AFE6AD9-4420-45CF-84D2-8BEDCD50D166}.Ad-Hoc|Any CPU.ActiveCfg = Release|x86
		{6AFE6AD9-4420-45CF-84D2-8BEDCD50D166}.Ad-Hoc|Any CPU.Build.0 = Release|x86
		{6AFE6AD9-4420-45CF-84D2-8BEDCD50D166}.Ad-Hoc|Any CPU.Deploy.0 = Release|x86
		{6AFE6AD9-4420-45CF-84D2-8BEDCD50D166}.Ad-Hoc|ARM.ActiveCfg = Release|ARM
		{6AFE6AD9-4420-45CF-84D2-8BEDCD50D166}.Ad-Hoc|ARM.Build.0 = Release|ARM
		{6AFE6AD9-4420-45CF-84D2-8BEDCD50D166}.Ad-Hoc|ARM.Deploy.0 = Release|ARM
		{6AFE6AD9-4420-45CF-84D2-8BEDCD50D166}.Ad-Hoc|iPhone.ActiveCfg = Release|x86
		{6AFE6AD9-4420-45CF-84D2-8BEDCD50D166}.Ad-Hoc|iPhone.Build.0 = Release|x86
		{6AFE6AD9-4420-45CF-84D2-8BEDCD50D166}.Ad-Hoc|iPhone.Deploy.0 = Release|x86
		{6AFE6AD9-4420-45CF-84D2-8BEDCD50D166}.Ad-Hoc|iPhoneSimulator.ActiveCfg = Release|x86
		{6AFE6AD9-4420-45CF-84D2-8BEDCD50D166}.Ad-Hoc|iPhoneSimulator.Build.0 = Release|x86
		{6AFE6AD9-4420-45CF-84D2-8BEDCD50D166}.Ad-Hoc|iPhoneSimulator.Deploy.0 = Release|x86
		{6AFE6AD9-4420-45CF-84D2-8BEDCD50D166}.Ad-Hoc|x64.ActiveCfg = Release|x64
		{6AFE6AD9-4420-45CF-84D2-8BEDCD50D166}.Ad-Hoc|x64.Build.0 = Release|x64
		{6AFE6AD9-4420-45CF-84D2-8BEDCD50D166}.Ad-Hoc|x64.Deploy.0 = Release|x64
		{6AFE6AD9-4420-45CF-84D2-8BEDCD50D166}.Ad-Hoc|x86.ActiveCfg = Release|x86
		{6AFE6AD9-4420-45CF-84D2-8BEDCD50D166}.Ad-Hoc|x86.Build.0 = Release|x86
		{6AFE6AD9-4420-45CF-84D2-8BEDCD50D166}.Ad-Hoc|x86.Deploy.0 = Release|x86
		{6AFE6AD9-4420-45CF-84D2-8BEDCD50D166}.AppStore|Any CPU.ActiveCfg = Release|x86
		{6AFE6AD9-4420-45CF-84D2-8BEDCD50D166}.AppStore|Any CPU.Build.0 = Release|x86
		{6AFE6AD9-4420-45CF-84D2-8BEDCD50D166}.AppStore|Any CPU.Deploy.0 = Release|x86
		{6AFE6AD9-4420-45CF-84D2-8BEDCD50D166}.AppStore|ARM.ActiveCfg = Release|ARM
		{6AFE6AD9-4420-45CF-84D2-8BEDCD50D166}.AppStore|ARM.Build.0 = Release|ARM
		{6AFE6AD9-4420-45CF-84D2-8BEDCD50D166}.AppStore|ARM.Deploy.0 = Release|ARM
		{6AFE6AD9-4420-45CF-84D2-8BEDCD50D166}.AppStore|iPhone.ActiveCfg = Release|x86
		{6AFE6AD9-4420-45CF-84D2-8BEDCD50D166}.AppStore|iPhone.Build.0 = Release|x86
		{6AFE6AD9-4420-45CF-84D2-8BEDCD50D166}.AppStore|iPhone.Deploy.0 = Release|x86
		{6AFE6AD9-4420-45CF-84D2-8BEDCD50D166}.AppStore|iPhoneSimulator.ActiveCfg = Release|x86
		{6AFE6AD9-4420-45CF-84D2-8BEDCD50D166}.AppStore|iPhoneSimulator.Build.0 = Release|x86
		{6AFE6AD9-4420-45CF-84D2-8BEDCD50D166}.AppStore|iPhoneSimulator.Deploy.0 = Release|x86
		{6AFE6AD9-4420-45CF-84D2-8BEDCD50D166}.AppStore|x64.ActiveCfg = Release|x64
		{6AFE6AD9-4420-45CF-84D2-8BEDCD50D166}.AppStore|x64.Build.0 = Release|x64
		{6AFE6AD9-4420-45CF-84D2-8BEDCD50D166}.AppStore|x64.Deploy.0 = Release|x64
		{6AFE6AD9-4420-45CF-84D2-8BEDCD50D166}.AppStore|x86.ActiveCfg = Release|x86
		{6AFE6AD9-4420-45CF-84D2-8BEDCD50D166}.AppStore|x86.Build.0 = Release|x86
		{6AFE6AD9-4420-45CF-84D2-8BEDCD50D166}.AppStore|x86.Deploy.0 = Release|x86
		{6AFE6AD9-4420-45CF-84D2-8BEDCD50D166}.Debug|Any CPU.ActiveCfg = Debug|x86
		{6AFE6AD9-4420-45CF-84D2-8BEDCD50D166}.Debug|ARM.ActiveCfg = Debug|ARM
		{6AFE6AD9-4420-45CF-84D2-8BEDCD50D166}.Debug|ARM.Build.0 = Debug|ARM
		{6AFE6AD9-4420-45CF-84D2-8BEDCD50D166}.Debug|ARM.Deploy.0 = Debug|ARM
		{6AFE6AD9-4420-45CF-84D2-8BEDCD50D166}.Debug|iPhone.ActiveCfg = Debug|x86
		{6AFE6AD9-4420-45CF-84D2-8BEDCD50D166}.Debug|iPhoneSimulator.ActiveCfg = Debug|x86
		{6AFE6AD9-4420-45CF-84D2-8BEDCD50D166}.Debug|x64.ActiveCfg = Debug|x64
		{6AFE6AD9-4420-45CF-84D2-8BEDCD50D166}.Debug|x64.Build.0 = Debug|x64
		{6AFE6AD9-4420-45CF-84D2-8BEDCD50D166}.Debug|x64.Deploy.0 = Debug|x64
		{6AFE6AD9-4420-45CF-84D2-8BEDCD50D166}.Debug|x86.ActiveCfg = Debug|x86
		{6AFE6AD9-4420-45CF-84D2-8BEDCD50D166}.Debug|x86.Build.0 = Debug|x86
		{6AFE6AD9-4420-45CF-84D2-8BEDCD50D166}.Debug|x86.Deploy.0 = Debug|x86
		{6AFE6AD9-4420-45CF-84D2-8BEDCD50D166}.Release|Any CPU.ActiveCfg = Release|x86
		{6AFE6AD9-4420-45CF-84D2-8BEDCD50D166}.Release|ARM.ActiveCfg = Release|ARM
		{6AFE6AD9-4420-45CF-84D2-8BEDCD50D166}.Release|ARM.Build.0 = Release|ARM
		{6AFE6AD9-4420-45CF-84D2-8BEDCD50D166}.Release|ARM.Deploy.0 = Release|ARM
		{6AFE6AD9-4420-45CF-84D2-8BEDCD50D166}.Release|iPhone.ActiveCfg = Release|x86
		{6AFE6AD9-4420-45CF-84D2-8BEDCD50D166}.Release|iPhoneSimulator.ActiveCfg = Release|x86
		{6AFE6AD9-4420-45CF-84D2-8BEDCD50D166}.Release|x64.ActiveCfg = Release|x64
		{6AFE6AD9-4420-45CF-84D2-8BEDCD50D166}.Release|x64.Build.0 = Release|x64
		{6AFE6AD9-4420-45CF-84D2-8BEDCD50D166}.Release|x64.Deploy.0 = Release|x64
		{6AFE6AD9-4420-45CF-84D2-8BEDCD50D166}.Release|x86.ActiveCfg = Release|x86
		{6AFE6AD9-4420-45CF-84D2-8BEDCD50D166}.Release|x86.Build.0 = Release|x86
		{6AFE6AD9-4420-45CF-84D2-8BEDCD50D166}.Release|x86.Deploy.0 = Release|x86
		{B079D418-AE62-4056-ACD6-D42A7D482BA2}.Ad-Hoc|Any CPU.ActiveCfg = Release|Any CPU
		{B079D418-AE62-4056-ACD6-D42A7D482BA2}.Ad-Hoc|Any CPU.Build.0 = Release|Any CPU
		{B079D418-AE62-4056-ACD6-D42A7D482BA2}.Ad-Hoc|Any CPU.Deploy.0 = Release|Any CPU
		{B079D418-AE62-4056-ACD6-D42A7D482BA2}.Ad-Hoc|ARM.ActiveCfg = Release|ARM
		{B079D418-AE62-4056-ACD6-D42A7D482BA2}.Ad-Hoc|ARM.Build.0 = Release|ARM
		{B079D418-AE62-4056-ACD6-D42A7D482BA2}.Ad-Hoc|ARM.Deploy.0 = Release|ARM
		{B079D418-AE62-4056-ACD6-D42A7D482BA2}.Ad-Hoc|iPhone.ActiveCfg = Release|Any CPU
		{B079D418-AE62-4056-ACD6-D42A7D482BA2}.Ad-Hoc|iPhone.Build.0 = Release|Any CPU
		{B079D418-AE62-4056-ACD6-D42A7D482BA2}.Ad-Hoc|iPhone.Deploy.0 = Release|Any CPU
		{B079D418-AE62-4056-ACD6-D42A7D482BA2}.Ad-Hoc|iPhoneSimulator.ActiveCfg = Release|Any CPU
		{B079D418-AE62-4056-ACD6-D42A7D482BA2}.Ad-Hoc|iPhoneSimulator.Build.0 = Release|Any CPU
		{B079D418-AE62-4056-ACD6-D42A7D482BA2}.Ad-Hoc|iPhoneSimulator.Deploy.0 = Release|Any CPU
		{B079D418-AE62-4056-ACD6-D42A7D482BA2}.Ad-Hoc|x64.ActiveCfg = Release|x64
		{B079D418-AE62-4056-ACD6-D42A7D482BA2}.Ad-Hoc|x64.Build.0 = Release|x64
		{B079D418-AE62-4056-ACD6-D42A7D482BA2}.Ad-Hoc|x64.Deploy.0 = Release|x64
		{B079D418-AE62-4056-ACD6-D42A7D482BA2}.Ad-Hoc|x86.ActiveCfg = Release|x86
		{B079D418-AE62-4056-ACD6-D42A7D482BA2}.Ad-Hoc|x86.Build.0 = Release|x86
		{B079D418-AE62-4056-ACD6-D42A7D482BA2}.Ad-Hoc|x86.Deploy.0 = Release|x86
		{B079D418-AE62-4056-ACD6-D42A7D482BA2}.AppStore|Any CPU.ActiveCfg = Release|Any CPU
		{B079D418-AE62-4056-ACD6-D42A7D482BA2}.AppStore|Any CPU.Build.0 = Release|Any CPU
		{B079D418-AE62-4056-ACD6-D42A7D482BA2}.AppStore|Any CPU.Deploy.0 = Release|Any CPU
		{B079D418-AE62-4056-ACD6-D42A7D482BA2}.AppStore|ARM.ActiveCfg = Release|ARM
		{B079D418-AE62-4056-ACD6-D42A7D482BA2}.AppStore|ARM.Build.0 = Release|ARM
		{B079D418-AE62-4056-ACD6-D42A7D482BA2}.AppStore|ARM.Deploy.0 = Release|ARM
		{B079D418-AE62-4056-ACD6-D42A7D482BA2}.AppStore|iPhone.ActiveCfg = Release|Any CPU
		{B079D418-AE62-4056-ACD6-D42A7D482BA2}.AppStore|iPhone.Build.0 = Release|Any CPU
		{B079D418-AE62-4056-ACD6-D42A7D482BA2}.AppStore|iPhone.Deploy.0 = Release|Any CPU
		{B079D418-AE62-4056-ACD6-D42A7D482BA2}.AppStore|iPhoneSimulator.ActiveCfg = Release|Any CPU
		{B079D418-AE62-4056-ACD6-D42A7D482BA2}.AppStore|iPhoneSimulator.Build.0 = Release|Any CPU
		{B079D418-AE62-4056-ACD6-D42A7D482BA2}.AppStore|iPhoneSimulator.Deploy.0 = Release|Any CPU
		{B079D418-AE62-4056-ACD6-D42A7D482BA2}.AppStore|x64.ActiveCfg = Release|x64
		{B079D418-AE62-4056-ACD6-D42A7D482BA2}.AppStore|x64.Build.0 = Release|x64
		{B079D418-AE62-4056-ACD6-D42A7D482BA2}.AppStore|x64.Deploy.0 = Release|x64
		{B079D418-AE62-4056-ACD6-D42A7D482BA2}.AppStore|x86.ActiveCfg = Release|x86
		{B079D418-AE62-4056-ACD6-D42A7D482BA2}.AppStore|x86.Build.0 = Release|x86
		{B079D418-AE62-4056-ACD6-D42A7D482BA2}.AppStore|x86.Deploy.0 = Release|x86
		{B079D418-AE62-4056-ACD6-D42A7D482BA2}.Debug|Any CPU.ActiveCfg = Debug|Any CPU
		{B079D418-AE62-4056-ACD6-D42A7D482BA2}.Debug|Any CPU.Build.0 = Debug|Any CPU
		{B079D418-AE62-4056-ACD6-D42A7D482BA2}.Debug|Any CPU.Deploy.0 = Debug|Any CPU
		{B079D418-AE62-4056-ACD6-D42A7D482BA2}.Debug|ARM.ActiveCfg = Debug|ARM
		{B079D418-AE62-4056-ACD6-D42A7D482BA2}.Debug|ARM.Build.0 = Debug|ARM
		{B079D418-AE62-4056-ACD6-D42A7D482BA2}.Debug|ARM.Deploy.0 = Debug|ARM
		{B079D418-AE62-4056-ACD6-D42A7D482BA2}.Debug|iPhone.ActiveCfg = Debug|Any CPU
		{B079D418-AE62-4056-ACD6-D42A7D482BA2}.Debug|iPhone.Build.0 = Debug|Any CPU
		{B079D418-AE62-4056-ACD6-D42A7D482BA2}.Debug|iPhone.Deploy.0 = Debug|Any CPU
		{B079D418-AE62-4056-ACD6-D42A7D482BA2}.Debug|iPhoneSimulator.ActiveCfg = Debug|Any CPU
		{B079D418-AE62-4056-ACD6-D42A7D482BA2}.Debug|iPhoneSimulator.Build.0 = Debug|Any CPU
		{B079D418-AE62-4056-ACD6-D42A7D482BA2}.Debug|iPhoneSimulator.Deploy.0 = Debug|Any CPU
		{B079D418-AE62-4056-ACD6-D42A7D482BA2}.Debug|x64.ActiveCfg = Debug|x64
		{B079D418-AE62-4056-ACD6-D42A7D482BA2}.Debug|x64.Build.0 = Debug|x64
		{B079D418-AE62-4056-ACD6-D42A7D482BA2}.Debug|x64.Deploy.0 = Debug|x64
		{B079D418-AE62-4056-ACD6-D42A7D482BA2}.Debug|x86.ActiveCfg = Debug|x86
		{B079D418-AE62-4056-ACD6-D42A7D482BA2}.Debug|x86.Build.0 = Debug|x86
		{B079D418-AE62-4056-ACD6-D42A7D482BA2}.Debug|x86.Deploy.0 = Debug|x86
		{B079D418-AE62-4056-ACD6-D42A7D482BA2}.Release|Any CPU.ActiveCfg = Release|Any CPU
		{B079D418-AE62-4056-ACD6-D42A7D482BA2}.Release|Any CPU.Build.0 = Release|Any CPU
		{B079D418-AE62-4056-ACD6-D42A7D482BA2}.Release|Any CPU.Deploy.0 = Release|Any CPU
		{B079D418-AE62-4056-ACD6-D42A7D482BA2}.Release|ARM.ActiveCfg = Release|ARM
		{B079D418-AE62-4056-ACD6-D42A7D482BA2}.Release|ARM.Build.0 = Release|ARM
		{B079D418-AE62-4056-ACD6-D42A7D482BA2}.Release|ARM.Deploy.0 = Release|ARM
		{B079D418-AE62-4056-ACD6-D42A7D482BA2}.Release|iPhone.ActiveCfg = Release|Any CPU
		{B079D418-AE62-4056-ACD6-D42A7D482BA2}.Release|iPhone.Build.0 = Release|Any CPU
		{B079D418-AE62-4056-ACD6-D42A7D482BA2}.Release|iPhone.Deploy.0 = Release|Any CPU
		{B079D418-AE62-4056-ACD6-D42A7D482BA2}.Release|iPhoneSimulator.ActiveCfg = Release|Any CPU
		{B079D418-AE62-4056-ACD6-D42A7D482BA2}.Release|iPhoneSimulator.Build.0 = Release|Any CPU
		{B079D418-AE62-4056-ACD6-D42A7D482BA2}.Release|iPhoneSimulator.Deploy.0 = Release|Any CPU
		{B079D418-AE62-4056-ACD6-D42A7D482BA2}.Release|x64.ActiveCfg = Release|x64
		{B079D418-AE62-4056-ACD6-D42A7D482BA2}.Release|x64.Build.0 = Release|x64
		{B079D418-AE62-4056-ACD6-D42A7D482BA2}.Release|x64.Deploy.0 = Release|x64
		{B079D418-AE62-4056-ACD6-D42A7D482BA2}.Release|x86.ActiveCfg = Release|x86
		{B079D418-AE62-4056-ACD6-D42A7D482BA2}.Release|x86.Build.0 = Release|x86
		{B079D418-AE62-4056-ACD6-D42A7D482BA2}.Release|x86.Deploy.0 = Release|x86
	EndGlobalSection
	GlobalSection(SolutionProperties) = preSolution
		HideSolutionNode = FALSE
	EndGlobalSection
EndGlobal
